
Microsoft Visual Studio Solution File, Format Version 12.00
# Visual Studio Version 17
Project("{8BC9CEB8-8B4A-11D0-8D11-00A0C91BC942}") = "ALL_BUILD", "ALL_BUILD.vcxproj", "{EE1D6E65-D4DC-37D0-A24B-C52C49D4F564}"
	ProjectSection(ProjectDependencies) = postProject
		{23A06543-FD38-3B8C-AA86-54943F58C269} = {23A06543-FD38-3B8C-AA86-54943F58C269}
		{8453FD14-749B-3233-B3DA-62330AB6EB71} = {8453FD14-749B-3233-B3DA-62330AB6EB71}
		{21A562C5-6E1F-39BE-8E8C-E38C0FB05A86} = {21A562C5-6E1F-39BE-8E8C-E38C0FB05A86}
		{B89C354B-C613-320D-9E66-1F175494C776} = {B89C354B-C613-320D-9E66-1F175494C776}
		{0AF448FF-2899-3C43-B407-C898BD98369F} = {0AF448FF-2899-3C43-B407-C898BD98369F}
		{D237F12B-1B1C-30CC-A562-9482F1E3D770} = {D237F12B-1B1C-30CC-A562-9482F1E3D770}
		{EAC15629-BB1F-38A3-A6B5-D1A0EE7A6FDE} = {EAC15629-BB1F-38A3-A6B5-D1A0EE7A6FDE}
		{DCF28E6F-0EE1-3AC3-85D4-F1A3F612DB5B} = {DCF28E6F-0EE1-3AC3-85D4-F1A3F612DB5B}
		{109977D8-9756-34AE-AE87-039CD0937F39} = {109977D8-9756-34AE-AE87-039CD0937F39}
		{81E8B37C-8DBB-3EC8-BBC3-69599DD0CBBA} = {81E8B37C-8DBB-3EC8-BBC3-69599DD0CBBA}
		{B78E72C1-E752-3715-A4CD-5B53F0279CFB} = {B78E72C1-E752-3715-A4CD-5B53F0279CFB}
		{6AE9A988-400F-31E4-94C2-D3A2FE528210} = {6AE9A988-400F-31E4-94C2-D3A2FE528210}
		{0B211808-DEEB-3E7C-AB6E-BC8381128BC9} = {0B211808-DEEB-3E7C-AB6E-BC8381128BC9}
		{73F8AD03-B48D-32A2-9D04-12EA7967094F} = {73F8AD03-B48D-32A2-9D04-12EA7967094F}
		{047FE22C-569E-3080-9C21-DD9A6BD1D64B} = {047FE22C-569E-3080-9C21-DD9A6BD1D64B}
		{DF6851F8-5D24-3C31-93FF-01970160F9D0} = {DF6851F8-5D24-3C31-93FF-01970160F9D0}
	EndProjectSection
EndProject
Project("{8BC9CEB8-8B4A-11D0-8D11-00A0C91BC942}") = "CodeWizard", "CodeWizard.vcxproj", "{23A06543-FD38-3B8C-AA86-54943F58C269}"
	ProjectSection(ProjectDependencies) = postProject
		{8453FD14-749B-3233-B3DA-62330AB6EB71} = {8453FD14-749B-3233-B3DA-62330AB6EB71}
		{21A562C5-6E1F-39BE-8E8C-E38C0FB05A86} = {21A562C5-6E1F-39BE-8E8C-E38C0FB05A86}
		{B89C354B-C613-320D-9E66-1F175494C776} = {B89C354B-C613-320D-9E66-1F175494C776}
		{0AF448FF-2899-3C43-B407-C898BD98369F} = {0AF448FF-2899-3C43-B407-C898BD98369F}
		{D237F12B-1B1C-30CC-A562-9482F1E3D770} = {D237F12B-1B1C-30CC-A562-9482F1E3D770}
		{EAC15629-BB1F-38A3-A6B5-D1A0EE7A6FDE} = {EAC15629-BB1F-38A3-A6B5-D1A0EE7A6FDE}
		{DCF28E6F-0EE1-3AC3-85D4-F1A3F612DB5B} = {DCF28E6F-0EE1-3AC3-85D4-F1A3F612DB5B}
		{109977D8-9756-34AE-AE87-039CD0937F39} = {109977D8-9756-34AE-AE87-039CD0937F39}
		{81E8B37C-8DBB-3EC8-BBC3-69599DD0CBBA} = {81E8B37C-8DBB-3EC8-BBC3-69599DD0CBBA}
		{B78E72C1-E752-3715-A4CD-5B53F0279CFB} = {B78E72C1-E752-3715-A4CD-5B53F0279CFB}
		{6AE9A988-400F-31E4-94C2-D3A2FE528210} = {6AE9A988-400F-31E4-94C2-D3A2FE528210}
		{0B211808-DEEB-3E7C-AB6E-BC8381128BC9} = {0B211808-DEEB-3E7C-AB6E-BC8381128BC9}
		{73F8AD03-B48D-32A2-9D04-12EA7967094F} = {73F8AD03-B48D-32A2-9D04-12EA7967094F}
		{047FE22C-569E-3080-9C21-DD9A6BD1D64B} = {047FE22C-569E-3080-9C21-DD9A6BD1D64B}
		{DF6851F8-5D24-3C31-93FF-01970160F9D0} = {DF6851F8-5D24-3C31-93FF-01970160F9D0}
	EndProjectSection
EndProject
Project("{8BC9CEB8-8B4A-11D0-8D11-00A0C91BC942}") = "INSTALL", "INSTALL.vcxproj", "{87C0CBA7-76B5-3D74-A4B4-D4F3104F55BB}"
	ProjectSection(ProjectDependencies) = postProject
		{EE1D6E65-D4DC-37D0-A24B-C52C49D4F564} = {EE1D6E65-D4DC-37D0-A24B-C52C49D4F564}
		{8453FD14-749B-3233-B3DA-62330AB6EB71} = {8453FD14-749B-3233-B3DA-62330AB6EB71}
	EndProjectSection
EndProject
Project("{8BC9CEB8-8B4A-11D0-8D11-00A0C91BC942}") = "ZERO_CHECK", "ZERO_CHECK.vcxproj", "{8453FD14-749B-3233-B3DA-62330AB6EB71}"
	ProjectSection(ProjectDependencies) = postProject
	EndProjectSection
EndProject
Project("{8BC9CEB8-8B4A-11D0-8D11-00A0C91BC942}") = "tree-sitter", "extern\tree-sitter\tree-sitter.vcxproj", "{21A562C5-6E1F-39BE-8E8C-E38C0FB05A86}"
	ProjectSection(ProjectDependencies) = postProject
		{8453FD14-749B-3233-B3DA-62330AB6EB71} = {8453FD14-749B-3233-B3DA-62330AB6EB71}
	EndProjectSection
EndProject
Project("{8BC9CEB8-8B4A-11D0-8D11-00A0C91BC942}") = "tree-sitter-c", "tree-sitter-c.vcxproj", "{B89C354B-C613-320D-9E66-1F175494C776}"
	ProjectSection(ProjectDependencies) = postProject
		{8453FD14-749B-3233-B3DA-62330AB6EB71} = {8453FD14-749B-3233-B3DA-62330AB6EB71}
	EndProjectSection
EndProject
Project("{8BC9CEB8-8B4A-11D0-8D11-00A0C91BC942}") = "tree-sitter-c-sharp", "tree-sitter-c-sharp.vcxproj", "{0AF448FF-2899-3C43-B407-C898BD98369F}"
	ProjectSection(ProjectDependencies) = postProject
		{8453FD14-749B-3233-B3DA-62330AB6EB71} = {8453FD14-749B-3233-B3DA-62330AB6EB71}
	EndProjectSection
EndProject
Project("{8BC9CEB8-8B4A-11D0-8D11-00A0C91BC942}") = "tree-sitter-cpp", "tree-sitter-cpp.vcxproj", "{D237F12B-1B1C-30CC-A562-9482F1E3D770}"
	ProjectSection(ProjectDependencies) = postProject
		{8453FD14-749B-3233-B3DA-62330AB6EB71} = {8453FD14-749B-3233-B3DA-62330AB6EB71}
	EndProjectSection
EndProject
Project("{8BC9CEB8-8B4A-11D0-8D11-00A0C91BC942}") = "tree-sitter-glsl", "tree-sitter-glsl.vcxproj", "{EAC15629-BB1F-38A3-A6B5-D1A0EE7A6FDE}"
	ProjectSection(ProjectDependencies) = postProject
		{8453FD14-749B-3233-B3DA-62330AB6EB71} = {8453FD14-749B-3233-B3DA-62330AB6EB71}
	EndProjectSection
EndProject
Project("{8BC9CEB8-8B4A-11D0-8D11-00A0C91BC942}") = "tree-sitter-go", "tree-sitter-go.vcxproj", "{DCF28E6F-0EE1-3AC3-85D4-F1A3F612DB5B}"
	ProjectSection(ProjectDependencies) = postProject
		{8453FD14-749B-3233-B3DA-62330AB6EB71} = {8453FD14-749B-3233-B3DA-62330AB6EB71}
	EndProjectSection
EndProject
Project("{8BC9CEB8-8B4A-11D0-8D11-00A0C91BC942}") = "tree-sitter-html", "tree-sitter-html.vcxproj", "{109977D8-9756-34AE-AE87-039CD0937F39}"
	ProjectSection(ProjectDependencies) = postProject
		{8453FD14-749B-3233-B3DA-62330AB6EB71} = {8453FD14-749B-3233-B3DA-62330AB6EB71}
	EndProjectSection
EndProject
Project("{8BC9CEB8-8B4A-11D0-8D11-00A0C91BC942}") = "tree-sitter-java", "tree-sitter-java.vcxproj", "{81E8B37C-8DBB-3EC8-BBC3-69599DD0CBBA}"
	ProjectSection(ProjectDependencies) = postProject
		{8453FD14-749B-3233-B3DA-62330AB6EB71} = {8453FD14-749B-3233-B3DA-62330AB6EB71}
	EndProjectSection
EndProject
Project("{8BC9CEB8-8B4A-11D0-8D11-00A0C91BC942}") = "tree-sitter-javascript", "tree-sitter-javascript.vcxproj", "{B78E72C1-E752-3715-A4CD-5B53F0279CFB}"
	ProjectSection(ProjectDependencies) = postProject
		{8453FD14-749B-3233-B3DA-62330AB6EB71} = {8453FD14-749B-3233-B3DA-62330AB6EB71}
	EndProjectSection
EndProject
Project("{8BC9CEB8-8B4A-11D0-8D11-00A0C91BC942}") = "tree-sitter-lua", "tree-sitter-lua.vcxproj", "{6AE9A988-400F-31E4-94C2-D3A2FE528210}"
	ProjectSection(ProjectDependencies) = postProject
		{8453FD14-749B-3233-B3DA-62330AB6EB71} = {8453FD14-749B-3233-B3DA-62330AB6EB71}
	EndProjectSection
EndProject
Project("{8BC9CEB8-8B4A-11D0-8D11-00A0C91BC942}") = "tree-sitter-python", "tree-sitter-python.vcxproj", "{0B211808-DEEB-3E7C-AB6E-BC8381128BC9}"
	ProjectSection(ProjectDependencies) = postProject
		{8453FD14-749B-3233-B3DA-62330AB6EB71} = {8453FD14-749B-3233-B3DA-62330AB6EB71}
	EndProjectSection
EndProject
Project("{8BC9CEB8-8B4A-11D0-8D11-00A0C91BC942}") = "tree-sitter-rust", "tree-sitter-rust.vcxproj", "{73F8AD03-B48D-32A2-9D04-12EA7967094F}"
	ProjectSection(ProjectDependencies) = postProject
		{8453FD14-749B-3233-B3DA-62330AB6EB71} = {8453FD14-749B-3233-B3DA-62330AB6EB71}
	EndProjectSection
EndProject
Project("{8BC9CEB8-8B4A-11D0-8D11-00A0C91BC942}") = "tree-sitter-typescript", "tree-sitter-typescript.vcxproj", "{047FE22C-569E-3080-9C21-DD9A6BD1D64B}"
	ProjectSection(ProjectDependencies) = postProject
		{8453FD14-749B-3233-B3DA-62330AB6EB71} = {8453FD14-749B-3233-B3DA-62330AB6EB71}
	EndProjectSection
EndProject
Project("{8BC9CEB8-8B4A-11D0-8D11-00A0C91BC942}") = "tree-sitter-wgsl", "tree-sitter-wgsl.vcxproj", "{DF6851F8-5D24-3C31-93FF-01970160F9D0}"
	ProjectSection(ProjectDependencies) = postProject
		{8453FD14-749B-3233-B3DA-62330AB6EB71} = {8453FD14-749B-3233-B3DA-62330AB6EB71}
	EndProjectSection
EndProject
Global
	GlobalSection(SolutionConfigurationPlatforms) = preSolution
		Debug|x64 = Debug|x64
		Release|x64 = Release|x64
		MinSizeRel|x64 = MinSizeRel|x64
		RelWithDebInfo|x64 = RelWithDebInfo|x64
	EndGlobalSection
	GlobalSection(ProjectConfigurationPlatforms) = postSolution
		{EE1D6E65-D4DC-37D0-A24B-C52C49D4F564}.Debug|x64.ActiveCfg = Debug|x64
		{EE1D6E65-D4DC-37D0-A24B-C52C49D4F564}.Debug|x64.Build.0 = Debug|x64
		{EE1D6E65-D4DC-37D0-A24B-C52C49D4F564}.Release|x64.ActiveCfg = Release|x64
		{EE1D6E65-D4DC-37D0-A24B-C52C49D4F564}.Release|x64.Build.0 = Release|x64
		{EE1D6E65-D4DC-37D0-A24B-C52C49D4F564}.MinSizeRel|x64.ActiveCfg = MinSizeRel|x64
		{EE1D6E65-D4DC-37D0-A24B-C52C49D4F564}.MinSizeRel|x64.Build.0 = MinSizeRel|x64
		{EE1D6E65-D4DC-37D0-A24B-C52C49D4F564}.RelWithDebInfo|x64.ActiveCfg = RelWithDebInfo|x64
		{EE1D6E65-D4DC-37D0-A24B-C52C49D4F564}.RelWithDebInfo|x64.Build.0 = RelWithDebInfo|x64
		{23A06543-FD38-3B8C-AA86-54943F58C269}.Debug|x64.ActiveCfg = Debug|x64
		{23A06543-FD38-3B8C-AA86-54943F58C269}.Debug|x64.Build.0 = Debug|x64
		{23A06543-FD38-3B8C-AA86-54943F58C269}.Release|x64.ActiveCfg = Release|x64
		{23A06543-FD38-3B8C-AA86-54943F58C269}.Release|x64.Build.0 = Release|x64
		{23A06543-FD38-3B8C-AA86-54943F58C269}.MinSizeRel|x64.ActiveCfg = MinSizeRel|x64
		{23A06543-FD38-3B8C-AA86-54943F58C269}.MinSizeRel|x64.Build.0 = MinSizeRel|x64
		{23A06543-FD38-3B8C-AA86-54943F58C269}.RelWithDebInfo|x64.ActiveCfg = RelWithDebInfo|x64
		{23A06543-FD38-3B8C-AA86-54943F58C269}.RelWithDebInfo|x64.Build.0 = RelWithDebInfo|x64
		{87C0CBA7-76B5-3D74-A4B4-D4F3104F55BB}.Debug|x64.ActiveCfg = Debug|x64
		{87C0CBA7-76B5-3D74-A4B4-D4F3104F55BB}.Release|x64.ActiveCfg = Release|x64
		{87C0CBA7-76B5-3D74-A4B4-D4F3104F55BB}.MinSizeRel|x64.ActiveCfg = MinSizeRel|x64
		{87C0CBA7-76B5-3D74-A4B4-D4F3104F55BB}.RelWithDebInfo|x64.ActiveCfg = RelWithDebInfo|x64
		{8453FD14-749B-3233-B3DA-62330AB6EB71}.Debug|x64.ActiveCfg = Debug|x64
		{8453FD14-749B-3233-B3DA-62330AB6EB71}.Debug|x64.Build.0 = Debug|x64
		{8453FD14-749B-3233-B3DA-62330AB6EB71}.Release|x64.ActiveCfg = Release|x64
		{8453FD14-749B-3233-B3DA-62330AB6EB71}.Release|x64.Build.0 = Release|x64
		{8453FD14-749B-3233-B3DA-62330AB6EB71}.MinSizeRel|x64.ActiveCfg = MinSizeRel|x64
		{8453FD14-749B-3233-B3DA-62330AB6EB71}.MinSizeRel|x64.Build.0 = MinSizeRel|x64
		{8453FD14-749B-3233-B3DA-62330AB6EB71}.RelWithDebInfo|x64.ActiveCfg = RelWithDebInfo|x64
		{8453FD14-749B-3233-B3DA-62330AB6EB71}.RelWithDebInfo|x64.Build.0 = RelWithDebInfo|x64
		{21A562C5-6E1F-39BE-8E8C-E38C0FB05A86}.Debug|x64.ActiveCfg = Debug|x64
		{21A562C5-6E1F-39BE-8E8C-E38C0FB05A86}.Debug|x64.Build.0 = Debug|x64
		{21A562C5-6E1F-39BE-8E8C-E38C0FB05A86}.Release|x64.ActiveCfg = Release|x64
		{21A562C5-6E1F-39BE-8E8C-E38C0FB05A86}.Release|x64.Build.0 = Release|x64
		{21A562C5-6E1F-39BE-8E8C-E38C0FB05A86}.MinSizeRel|x64.ActiveCfg = MinSizeRel|x64
		{21A562C5-6E1F-39BE-8E8C-E38C0FB05A86}.MinSizeRel|x64.Build.0 = MinSizeRel|x64
		{21A562C5-6E1F-39BE-8E8C-E38C0FB05A86}.RelWithDebInfo|x64.ActiveCfg = RelWithDebInfo|x64
		{21A562C5-6E1F-39BE-8E8C-E38C0FB05A86}.RelWithDebInfo|x64.Build.0 = RelWithDebInfo|x64
		{B89C354B-C613-320D-9E66-1F175494C776}.Debug|x64.ActiveCfg = Debug|x64
		{B89C354B-C613-320D-9E66-1F175494C776}.Debug|x64.Build.0 = Debug|x64
		{B89C354B-C613-320D-9E66-1F175494C776}.Release|x64.ActiveCfg = Release|x64
		{B89C354B-C613-320D-9E66-1F175494C776}.Release|x64.Build.0 = Release|x64
		{B89C354B-C613-320D-9E66-1F175494C776}.MinSizeRel|x64.ActiveCfg = MinSizeRel|x64
		{B89C354B-C613-320D-9E66-1F175494C776}.MinSizeRel|x64.Build.0 = MinSizeRel|x64
		{B89C354B-C613-320D-9E66-1F175494C776}.RelWithDebInfo|x64.ActiveCfg = RelWithDebInfo|x64
		{B89C354B-C613-320D-9E66-1F175494C776}.RelWithDebInfo|x64.Build.0 = RelWithDebInfo|x64
		{0AF448FF-2899-3C43-B407-C898BD98369F}.Debug|x64.ActiveCfg = Debug|x64
		{0AF448FF-2899-3C43-B407-C898BD98369F}.Debug|x64.Build.0 = Debug|x64
		{0AF448FF-2899-3C43-B407-C898BD98369F}.Release|x64.ActiveCfg = Release|x64
		{0AF448FF-2899-3C43-B407-C898BD98369F}.Release|x64.Build.0 = Release|x64
		{0AF448FF-2899-3C43-B407-C898BD98369F}.MinSizeRel|x64.ActiveCfg = MinSizeRel|x64
		{0AF448FF-2899-3C43-B407-C898BD98369F}.MinSizeRel|x64.Build.0 = MinSizeRel|x64
		{0AF448FF-2899-3C43-B407-C898BD98369F}.RelWithDebInfo|x64.ActiveCfg = RelWithDebInfo|x64
		{0AF448FF-2899-3C43-B407-C898BD98369F}.RelWithDebInfo|x64.Build.0 = RelWithDebInfo|x64
		{D237F12B-1B1C-30CC-A562-9482F1E3D770}.Debug|x64.ActiveCfg = Debug|x64
		{D237F12B-1B1C-30CC-A562-9482F1E3D770}.Debug|x64.Build.0 = Debug|x64
		{D237F12B-1B1C-30CC-A562-9482F1E3D770}.Release|x64.ActiveCfg = Release|x64
		{D237F12B-1B1C-30CC-A562-9482F1E3D770}.Release|x64.Build.0 = Release|x64
		{D237F12B-1B1C-30CC-A562-9482F1E3D770}.MinSizeRel|x64.ActiveCfg = MinSizeRel|x64
		{D237F12B-1B1C-30CC-A562-9482F1E3D770}.MinSizeRel|x64.Build.0 = MinSizeRel|x64
		{D237F12B-1B1C-30CC-A562-9482F1E3D770}.RelWithDebInfo|x64.ActiveCfg = RelWithDebInfo|x64
		{D237F12B-1B1C-30CC-A562-9482F1E3D770}.RelWithDebInfo|x64.Build.0 = RelWithDebInfo|x64
		{EAC15629-BB1F-38A3-A6B5-D1A0EE7A6FDE}.Debug|x64.ActiveCfg = Debug|x64
		{EAC15629-BB1F-38A3-A6B5-D1A0EE7A6FDE}.Debug|x64.Build.0 = Debug|x64
		{EAC15629-BB1F-38A3-A6B5-D1A0EE7A6FDE}.Release|x64.ActiveCfg = Release|x64
		{EAC15629-BB1F-38A3-A6B5-D1A0EE7A6FDE}.Release|x64.Build.0 = Release|x64
		{EAC15629-BB1F-38A3-A6B5-D1A0EE7A6FDE}.MinSizeRel|x64.ActiveCfg = MinSizeRel|x64
		{EAC15629-BB1F-38A3-A6B5-D1A0EE7A6FDE}.MinSizeRel|x64.Build.0 = MinSizeRel|x64
		{EAC15629-BB1F-38A3-A6B5-D1A0EE7A6FDE}.RelWithDebInfo|x64.ActiveCfg = RelWithDebInfo|x64
		{EAC15629-BB1F-38A3-A6B5-D1A0EE7A6FDE}.RelWithDebInfo|x64.Build.0 = RelWithDebInfo|x64
		{DCF28E6F-0EE1-3AC3-85D4-F1A3F612DB5B}.Debug|x64.ActiveCfg = Debug|x64
		{DCF28E6F-0EE1-3AC3-85D4-F1A3F612DB5B}.Debug|x64.Build.0 = Debug|x64
		{DCF28E6F-0EE1-3AC3-85D4-F1A3F612DB5B}.Release|x64.ActiveCfg = Release|x64
		{DCF28E6F-0EE1-3AC3-85D4-F1A3F612DB5B}.Release|x64.Build.0 = Release|x64
		{DCF28E6F-0EE1-3AC3-85D4-F1A3F612DB5B}.MinSizeRel|x64.ActiveCfg = MinSizeRel|x64
		{DCF28E6F-0EE1-3AC3-85D4-F1A3F612DB5B}.MinSizeRel|x64.Build.0 = MinSizeRel|x64
		{DCF28E6F-0EE1-3AC3-85D4-F1A3F612DB5B}.RelWithDebInfo|x64.ActiveCfg = RelWithDebInfo|x64
		{DCF28E6F-0EE1-3AC3-85D4-F1A3F612DB5B}.RelWithDebInfo|x64.Build.0 = RelWithDebInfo|x64
		{109977D8-9756-34AE-AE87-039CD0937F39}.Debug|x64.ActiveCfg = Debug|x64
		{109977D8-9756-34AE-AE87-039CD0937F39}.Debug|x64.Build.0 = Debug|x64
		{109977D8-9756-34AE-AE87-039CD0937F39}.Release|x64.ActiveCfg = Release|x64
		{109977D8-9756-34AE-AE87-039CD0937F39}.Release|x64.Build.0 = Release|x64
		{109977D8-9756-34AE-AE87-039CD0937F39}.MinSizeRel|x64.ActiveCfg = MinSizeRel|x64
		{109977D8-9756-34AE-AE87-039CD0937F39}.MinSizeRel|x64.Build.0 = MinSizeRel|x64
		{109977D8-9756-34AE-AE87-039CD0937F39}.RelWithDebInfo|x64.ActiveCfg = RelWithDebInfo|x64
		{109977D8-9756-34AE-AE87-039CD0937F39}.RelWithDebInfo|x64.Build.0 = RelWithDebInfo|x64
		{81E8B37C-8DBB-3EC8-BBC3-69599DD0CBBA}.Debug|x64.ActiveCfg = Debug|x64
		{81E8B37C-8DBB-3EC8-BBC3-69599DD0CBBA}.Debug|x64.Build.0 = Debug|x64
		{81E8B37C-8DBB-3EC8-BBC3-69599DD0CBBA}.Release|x64.ActiveCfg = Release|x64
		{81E8B37C-8DBB-3EC8-BBC3-69599DD0CBBA}.Release|x64.Build.0 = Release|x64
		{81E8B37C-8DBB-3EC8-BBC3-69599DD0CBBA}.MinSizeRel|x64.ActiveCfg = MinSizeRel|x64
		{81E8B37C-8DBB-3EC8-BBC3-69599DD0CBBA}.MinSizeRel|x64.Build.0 = MinSizeRel|x64
		{81E8B37C-8DBB-3EC8-BBC3-69599DD0CBBA}.RelWithDebInfo|x64.ActiveCfg = RelWithDebInfo|x64
		{81E8B37C-8DBB-3EC8-BBC3-69599DD0CBBA}.RelWithDebInfo|x64.Build.0 = RelWithDebInfo|x64
		{B78E72C1-E752-3715-A4CD-5B53F0279CFB}.Debug|x64.ActiveCfg = Debug|x64
		{B78E72C1-E752-3715-A4CD-5B53F0279CFB}.Debug|x64.Build.0 = Debug|x64
		{B78E72C1-E752-3715-A4CD-5B53F0279CFB}.Release|x64.ActiveCfg = Release|x64
		{B78E72C1-E752-3715-A4CD-5B53F0279CFB}.Release|x64.Build.0 = Release|x64
		{B78E72C1-E752-3715-A4CD-5B53F0279CFB}.MinSizeRel|x64.ActiveCfg = MinSizeRel|x64
		{B78E72C1-E752-3715-A4CD-5B53F0279CFB}.MinSizeRel|x64.Build.0 = MinSizeRel|x64
		{B78E72C1-E752-3715-A4CD-5B53F0279CFB}.RelWithDebInfo|x64.ActiveCfg = RelWithDebInfo|x64
		{B78E72C1-E752-3715-A4CD-5B53F0279CFB}.RelWithDebInfo|x64.Build.0 = RelWithDebInfo|x64
		{6AE9A988-400F-31E4-94C2-D3A2FE528210}.Debug|x64.ActiveCfg = Debug|x64
		{6AE9A988-400F-31E4-94C2-D3A2FE528210}.Debug|x64.Build.0 = Debug|x64
		{6AE9A988-400F-31E4-94C2-D3A2FE528210}.Release|x64.ActiveCfg = Release|x64
		{6AE9A988-400F-31E4-94C2-D3A2FE528210}.Release|x64.Build.0 = Release|x64
		{6AE9A988-400F-31E4-94C2-D3A2FE528210}.MinSizeRel|x64.ActiveCfg = MinSizeRel|x64
		{6AE9A988-400F-31E4-94C2-D3A2FE528210}.MinSizeRel|x64.Build.0 = MinSizeRel|x64
		{6AE9A988-400F-31E4-94C2-D3A2FE528210}.RelWithDebInfo|x64.ActiveCfg = RelWithDebInfo|x64
		{6AE9A988-400F-31E4-94C2-D3A2FE528210}.RelWithDebInfo|x64.Build.0 = RelWithDebInfo|x64
		{0B211808-DEEB-3E7C-AB6E-BC8381128BC9}.Debug|x64.ActiveCfg = Debug|x64
		{0B211808-DEEB-3E7C-AB6E-BC8381128BC9}.Debug|x64.Build.0 = Debug|x64
		{0B211808-DEEB-3E7C-AB6E-BC8381128BC9}.Release|x64.ActiveCfg = Release|x64
		{0B211808-DEEB-3E7C-AB6E-BC8381128BC9}.Release|x64.Build.0 = Release|x64
		{0B211808-DEEB-3E7C-AB6E-BC8381128BC9}.MinSizeRel|x64.ActiveCfg = MinSizeRel|x64
		{0B211808-DEEB-3E7C-AB6E-BC8381128BC9}.MinSizeRel|x64.Build.0 = MinSizeRel|x64
		{0B211808-DEEB-3E7C-AB6E-BC8381128BC9}.RelWithDebInfo|x64.ActiveCfg = RelWithDebInfo|x64
		{0B211808-DEEB-3E7C-AB6E-BC8381128BC9}.RelWithDebInfo|x64.Build.0 = RelWithDebInfo|x64
		{73F8AD03-B48D-32A2-9D04-12EA7967094F}.Debug|x64.ActiveCfg = Debug|x64
		{73F8AD03-B48D-32A2-9D04-12EA7967094F}.Debug|x64.Build.0 = Debug|x64
		{73F8AD03-B48D-32A2-9D04-12EA7967094F}.Release|x64.ActiveCfg = Release|x64
		{73F8AD03-B48D-32A2-9D04-12EA7967094F}.Release|x64.Build.0 = Release|x64
		{73F8AD03-B48D-32A2-9D04-12EA7967094F}.MinSizeRel|x64.ActiveCfg = MinSizeRel|x64
		{73F8AD03-B48D-32A2-9D04-12EA7967094F}.MinSizeRel|x64.Build.0 = MinSizeRel|x64
		{73F8AD03-B48D-32A2-9D04-12EA7967094F}.RelWithDebInfo|x64.ActiveCfg = RelWithDebInfo|x64
		{73F8AD03-B48D-32A2-9D04-12EA7967094F}.RelWithDebInfo|x64.Build.0 = RelWithDebInfo|x64
		{047FE22C-569E-3080-9C21-DD9A6BD1D64B}.Debug|x64.ActiveCfg = Debug|x64
		{047FE22C-569E-3080-9C21-DD9A6BD1D64B}.Debug|x64.Build.0 = Debug|x64
		{047FE22C-569E-3080-9C21-DD9A6BD1D64B}.Release|x64.ActiveCfg = Release|x64
		{047FE22C-569E-3080-9C21-DD9A6BD1D64B}.Release|x64.Build.0 = Release|x64
		{047FE22C-569E-3080-9C21-DD9A6BD1D64B}.MinSizeRel|x64.ActiveCfg = MinSizeRel|x64
		{047FE22C-569E-3080-9C21-DD9A6BD1D64B}.MinSizeRel|x64.Build.0 = MinSizeRel|x64
		{047FE22C-569E-3080-9C21-DD9A6BD1D64B}.RelWithDebInfo|x64.ActiveCfg = RelWithDebInfo|x64
		{047FE22C-569E-3080-9C21-DD9A6BD1D64B}.RelWithDebInfo|x64.Build.0 = RelWithDebInfo|x64
		{DF6851F8-5D24-3C31-93FF-01970160F9D0}.Debug|x64.ActiveCfg = Debug|x64
		{DF6851F8-5D24-3C31-93FF-01970160F9D0}.Debug|x64.Build.0 = Debug|x64
		{DF6851F8-5D24-3C31-93FF-01970160F9D0}.Release|x64.ActiveCfg = Release|x64
		{DF6851F8-5D24-3C31-93FF-01970160F9D0}.Release|x64.Build.0 = Release|x64
		{DF6851F8-5D24-3C31-93FF-01970160F9D0}.MinSizeRel|x64.ActiveCfg = MinSizeRel|x64
		{DF6851F8-5D24-3C31-93FF-01970160F9D0}.MinSizeRel|x64.Build.0 = MinSizeRel|x64
		{DF6851F8-5D24-3C31-93FF-01970160F9D0}.RelWithDebInfo|x64.ActiveCfg = RelWithDebInfo|x64
		{DF6851F8-5D24-3C31-93FF-01970160F9D0}.RelWithDebInfo|x64.Build.0 = RelWithDebInfo|x64
	EndGlobalSection
	GlobalSection(ExtensibilityGlobals) = postSolution
		SolutionGuid = {EB079777-9E85-360A-89FF-62A6884EFA47}
	EndGlobalSection
	GlobalSection(ExtensibilityAddIns) = postSolution
	EndGlobalSection
EndGlobal
