<?xml version="1.0" encoding="utf-8"?>
<Project ToolsVersion="17.0" xmlns="http://schemas.microsoft.com/developer/msbuild/2003">
  <ItemGroup>
    <CustomBuild Include="C:\Users\adamj\OneDrive\Documents\QtProjects\CodeWizard\CMakeFiles\60c76caf5ed223cf3beddfbb4ba94cf8\INSTALL_force.rule">
      <Filter>CMake Rules</Filter>
    </CustomBuild>
  </ItemGroup>
  <ItemGroup>
    <Filter Include="CMake Rules">
      <UniqueIdentifier>{BE9F34A8-27B2-38DF-A6E3-F0F447E37786}</UniqueIdentifier>
    </Filter>
  </ItemGroup>
</Project>
